
Microsoft Visual Studio Solution File, Format Version 12.00
# Visual Studio Version 16
VisualStudioVersion = 16.0.31515.178
MinimumVisualStudioVersion = 10.0.40219.1
Project("{2150E333-8FDC-42A3-9474-1A3956D46DE8}") = "Services", "Services", "{50945E15-571A-47C7-AE3A-D12FAC549970}"
EndProject
Project("{2150E333-8FDC-42A3-9474-1A3956D46DE8}") = "Catalog", "Catalog", "{4BCCEF0E-322A-4790-BD6D-A0DC8EC9F9B7}"
EndProject
Project("{9A19103F-16F7-4668-BE54-9A1E7A4F7556}") = "Catalog.API", "Services\Catalog\Catalog.API\Catalog.API.csproj", "{61E4CFA0-B52E-45D5-8CCB-043C6CEF8BEE}"
EndProject
Project("{E53339B2-1760-4266-BCC7-CA923CBCF16C}") = "docker-compose", "docker-compose.dcproj", "{208A5D18-4F0F-470D-A23A-E75C6D0ABE9C}"
EndProject
Project("{2150E333-8FDC-42A3-9474-1A3956D46DE8}") = "Basket", "Basket", "{51AD48E4-B494-43E5-9F2D-E829F3DD5229}"
EndProject
Project("{9A19103F-16F7-4668-BE54-9A1E7A4F7556}") = "Basket.API", "Services\Basket\Basket.API\Basket.API.csproj", "{20A71434-6599-4A3D-BF04-9102936A5EC3}"
EndProject
Project("{2150E333-8FDC-42A3-9474-1A3956D46DE8}") = "Discount", "Discount", "{53E902BD-E669-4502-A7A7-2D829DD294AC}"
EndProject
Project("{9A19103F-16F7-4668-BE54-9A1E7A4F7556}") = "Discount.API", "Services\Discount\Discount.API\Discount.API.csproj", "{5345CBBE-D4B1-43C1-9F71-C22929EE9DEA}"
EndProject
Project("{9A19103F-16F7-4668-BE54-9A1E7A4F7556}") = "Discount.Grpc", "Services\Discount\Discount.Grpc\Discount.Grpc.csproj", "{408F9C47-2390-4CAC-BAFE-E6694CF7D5B3}"
EndProject
Project("{2150E333-8FDC-42A3-9474-1A3956D46DE8}") = "Ordering", "Ordering", "{27EC0045-6A41-4AB3-9999-117797F83757}"
EndProject
Project("{9A19103F-16F7-4668-BE54-9A1E7A4F7556}") = "Ordering.API", "Services\Ordering\Ordering.API\Ordering.API.csproj", "{C9A4B784-D852-4C1E-8795-158F472381B8}"
EndProject
Project("{9A19103F-16F7-4668-BE54-9A1E7A4F7556}") = "Ordering.Domain", "Services\Ordering\Ordering.Domain\Ordering.Domain.csproj", "{CE3AFAF3-2B99-4462-A857-36BE9E24F638}"
EndProject
Project("{9A19103F-16F7-4668-BE54-9A1E7A4F7556}") = "Ordering.Application", "Services\Ordering\Ordering.Application\Ordering.Application.csproj", "{50584CF7-9894-4EE0-9DCF-597BA4505021}"
EndProject
Project("{9A19103F-16F7-4668-BE54-9A1E7A4F7556}") = "Ordering.Infrastructure", "Services\Ordering\Ordering.Infrastructure\Ordering.Infrastructure.csproj", "{B22E4CEA-F396-4CF8-8056-B90B4F2B810F}"
EndProject
Project("{2150E333-8FDC-42A3-9474-1A3956D46DE8}") = "BuildingBlocks", "BuildingBlocks", "{14604995-C424-499D-AFB3-2D92BB6C80C4}"
EndProject
Project("{FAE04EC0-301F-11D3-BF4B-00C04F79EFBC}") = "EventBus.Messages", "BuildingBlocks\EventBus.Messages\EventBus.Messages.csproj", "{AD9C2241-81AA-4DCA-8D87-BFE957F2C5C1}"
EndProject
Global
	GlobalSection(SolutionConfigurationPlatforms) = preSolution
		Debug|Any CPU = Debug|Any CPU
		Release|Any CPU = Release|Any CPU
	EndGlobalSection
	GlobalSection(ProjectConfigurationPlatforms) = postSolution
		{61E4CFA0-B52E-45D5-8CCB-043C6CEF8BEE}.Debug|Any CPU.ActiveCfg = Debug|Any CPU
		{61E4CFA0-B52E-45D5-8CCB-043C6CEF8BEE}.Debug|Any CPU.Build.0 = Debug|Any CPU
		{61E4CFA0-B52E-45D5-8CCB-043C6CEF8BEE}.Release|Any CPU.ActiveCfg = Release|Any CPU
		{61E4CFA0-B52E-45D5-8CCB-043C6CEF8BEE}.Release|Any CPU.Build.0 = Release|Any CPU
		{208A5D18-4F0F-470D-A23A-E75C6D0ABE9C}.Debug|Any CPU.ActiveCfg = Debug|Any CPU
		{208A5D18-4F0F-470D-A23A-E75C6D0ABE9C}.Debug|Any CPU.Build.0 = Debug|Any CPU
		{208A5D18-4F0F-470D-A23A-E75C6D0ABE9C}.Release|Any CPU.ActiveCfg = Release|Any CPU
		{208A5D18-4F0F-470D-A23A-E75C6D0ABE9C}.Release|Any CPU.Build.0 = Release|Any CPU
		{20A71434-6599-4A3D-BF04-9102936A5EC3}.Debug|Any CPU.ActiveCfg = Debug|Any CPU
		{20A71434-6599-4A3D-BF04-9102936A5EC3}.Debug|Any CPU.Build.0 = Debug|Any CPU
		{20A71434-6599-4A3D-BF04-9102936A5EC3}.Release|Any CPU.ActiveCfg = Release|Any CPU
		{20A71434-6599-4A3D-BF04-9102936A5EC3}.Release|Any CPU.Build.0 = Release|Any CPU
		{5345CBBE-D4B1-43C1-9F71-C22929EE9DEA}.Debug|Any CPU.ActiveCfg = Debug|Any CPU
		{5345CBBE-D4B1-43C1-9F71-C22929EE9DEA}.Debug|Any CPU.Build.0 = Debug|Any CPU
		{5345CBBE-D4B1-43C1-9F71-C22929EE9DEA}.Release|Any CPU.ActiveCfg = Release|Any CPU
		{5345CBBE-D4B1-43C1-9F71-C22929EE9DEA}.Release|Any CPU.Build.0 = Release|Any CPU
		{408F9C47-2390-4CAC-BAFE-E6694CF7D5B3}.Debug|Any CPU.ActiveCfg = Debug|Any CPU
		{408F9C47-2390-4CAC-BAFE-E6694CF7D5B3}.Debug|Any CPU.Build.0 = Debug|Any CPU
		{408F9C47-2390-4CAC-BAFE-E6694CF7D5B3}.Release|Any CPU.ActiveCfg = Release|Any CPU
		{408F9C47-2390-4CAC-BAFE-E6694CF7D5B3}.Release|Any CPU.Build.0 = Release|Any CPU
		{C9A4B784-D852-4C1E-8795-158F472381B8}.Debug|Any CPU.ActiveCfg = Debug|Any CPU
		{C9A4B784-D852-4C1E-8795-158F472381B8}.Debug|Any CPU.Build.0 = Debug|Any CPU
		{C9A4B784-D852-4C1E-8795-158F472381B8}.Release|Any CPU.ActiveCfg = Release|Any CPU
		{C9A4B784-D852-4C1E-8795-158F472381B8}.Release|Any CPU.Build.0 = Release|Any CPU
		{CE3AFAF3-2B99-4462-A857-36BE9E24F638}.Debug|Any CPU.ActiveCfg = Debug|Any CPU
		{CE3AFAF3-2B99-4462-A857-36BE9E24F638}.Debug|Any CPU.Build.0 = Debug|Any CPU
		{CE3AFAF3-2B99-4462-A857-36BE9E24F638}.Release|Any CPU.ActiveCfg = Release|Any CPU
		{CE3AFAF3-2B99-4462-A857-36BE9E24F638}.Release|Any CPU.Build.0 = Release|Any CPU
		{50584CF7-9894-4EE0-9DCF-597BA4505021}.Debug|Any CPU.ActiveCfg = Debug|Any CPU
		{50584CF7-9894-4EE0-9DCF-597BA4505021}.Debug|Any CPU.Build.0 = Debug|Any CPU
		{50584CF7-9894-4EE0-9DCF-597BA4505021}.Release|Any CPU.ActiveCfg = Release|Any CPU
		{50584CF7-9894-4EE0-9DCF-597BA4505021}.Release|Any CPU.Build.0 = Release|Any CPU
		{B22E4CEA-F396-4CF8-8056-B90B4F2B810F}.Debug|Any CPU.ActiveCfg = Debug|Any CPU
		{B22E4CEA-F396-4CF8-8056-B90B4F2B810F}.Debug|Any CPU.Build.0 = Debug|Any CPU
		{B22E4CEA-F396-4CF8-8056-B90B4F2B810F}.Release|Any CPU.ActiveCfg = Release|Any CPU
		{B22E4CEA-F396-4CF8-8056-B90B4F2B810F}.Release|Any CPU.Build.0 = Release|Any CPU
		{AD9C2241-81AA-4DCA-8D87-BFE957F2C5C1}.Debug|Any CPU.ActiveCfg = Debug|Any CPU
		{AD9C2241-81AA-4DCA-8D87-BFE957F2C5C1}.Debug|Any CPU.Build.0 = Debug|Any CPU
		{AD9C2241-81AA-4DCA-8D87-BFE957F2C5C1}.Release|Any CPU.ActiveCfg = Release|Any CPU
		{AD9C2241-81AA-4DCA-8D87-BFE957F2C5C1}.Release|Any CPU.Build.0 = Release|Any CPU
	EndGlobalSection
	GlobalSection(SolutionProperties) = preSolution
		HideSolutionNode = FALSE
	EndGlobalSection
	GlobalSection(NestedProjects) = preSolution
		{4BCCEF0E-322A-4790-BD6D-A0DC8EC9F9B7} = {50945E15-571A-47C7-AE3A-D12FAC549970}
		{61E4CFA0-B52E-45D5-8CCB-043C6CEF8BEE} = {4BCCEF0E-322A-4790-BD6D-A0DC8EC9F9B7}
		{51AD48E4-B494-43E5-9F2D-E829F3DD5229} = {50945E15-571A-47C7-AE3A-D12FAC549970}
		{20A71434-6599-4A3D-BF04-9102936A5EC3} = {51AD48E4-B494-43E5-9F2D-E829F3DD5229}
		{53E902BD-E669-4502-A7A7-2D829DD294AC} = {50945E15-571A-47C7-AE3A-D12FAC549970}
		{5345CBBE-D4B1-43C1-9F71-C22929EE9DEA} = {53E902BD-E669-4502-A7A7-2D829DD294AC}
		{408F9C47-2390-4CAC-BAFE-E6694CF7D5B3} = {53E902BD-E669-4502-A7A7-2D829DD294AC}
		{27EC0045-6A41-4AB3-9999-117797F83757} = {50945E15-571A-47C7-AE3A-D12FAC549970}
		{C9A4B784-D852-4C1E-8795-158F472381B8} = {27EC0045-6A41-4AB3-9999-117797F83757}
		{CE3AFAF3-2B99-4462-A857-36BE9E24F638} = {27EC0045-6A41-4AB3-9999-117797F83757}
		{50584CF7-9894-4EE0-9DCF-597BA4505021} = {27EC0045-6A41-4AB3-9999-117797F83757}
		{B22E4CEA-F396-4CF8-8056-B90B4F2B810F} = {27EC0045-6A41-4AB3-9999-117797F83757}
		{AD9C2241-81AA-4DCA-8D87-BFE957F2C5C1} = {14604995-C424-499D-AFB3-2D92BB6C80C4}
	EndGlobalSection
	GlobalSection(ExtensibilityGlobals) = postSolution
		SolutionGuid = {864D8C48-AE42-4D08-8C12-D288C314F920}
	EndGlobalSection
EndGlobal
